// !$*UTF8*$!
{
	archiveVersion = 1;
	classes = {
	};
	objectVersion = 77;
	objects = {

/* Begin PBXBuildFile section */
		8F798D6D2FC5C43F004F6F82 /* FirebaseCore in Frameworks */ = {isa = PBXBuildFile; productRef = 8F798D6C2FC5C43F004F6F82 /* FirebaseCore */; };
		8F798D6F2FC5C43F004F6F82 /* FirebaseMessaging in Frameworks */ = {isa = PBXBuildFile; productRef = 8F798D6E2FC5C43F004F6F82 /* FirebaseMessaging */; };
		8F798D722FC5C9E1004F6F82 /* AppsFlyerLib in Frameworks */ = {isa = PBXBuildFile; productRef = 8F798D712FC5C9E1004F6F82 /* AppsFlyerLib */; };
		8F798D952FC5E39C004F6F82 /* NotificationsService.appex in Embed Foundation Extensions */ = {isa = PBXBuildFile; fileRef = 8F798D8E2FC5E39C004F6F82 /* NotificationsService.appex */; settings = {ATTRIBUTES = (RemoveHeadersOnCopy, ); }; };
		8F798D9D2FC5E3A9004F6F82 /* FirebaseMessaging in Frameworks */ = {isa = PBXBuildFile; productRef = 8F798D9C2FC5E3A9004F6F82 /* FirebaseMessaging */; };
		8FB14CC72FBF2693005F595E /* codemagic.yaml in Resources */ = {isa = PBXBuildFile; fileRef = 8FB14CC62FBF2693005F595E /* codemagic.yaml */; };
/* End PBXBuildFile section */

/* Begin PBXContainerItemProxy section */
		8F798D932FC5E39C004F6F82 /* PBXContainerItemProxy */ = {
			isa = PBXContainerItemProxy;
			containerPortal = 8F6A61682FB91802000CE08A /* Project object */;
			proxyType = 1;
			remoteGlobalIDString = 8F798D8D2FC5E39C004F6F82;
			remoteInfo = NotificationsService;
		};
/* End PBXContainerItemProxy section */

/* Begin PBXCopyFilesBuildPhase section */
		8F798D9A2FC5E39C004F6F82 /* Embed Foundation Extensions */ = {
			isa = PBXCopyFilesBuildPhase;
			buildActionMask = 2147483647;
			dstPath = "";
			dstSubfolderSpec = 13;
			files = (
				8F798D952FC5E39C004F6F82 /* NotificationsService.appex in Embed Foundation Extensions */,
			);
			name = "Embed Foundation Extensions";
			runOnlyForDeploymentPostprocessing = 0;
		};
/* End PBXCopyFilesBuildPhase section */

/* Begin PBXFileReference section */
		8F6A61702FB91802000CE08A /* PenguRoutine.app */ = {isa = PBXFileReference; explicitFileType = wrapper.application; includeInIndex = 0; path = PenguRoutine.app; sourceTree = BUILT_PRODUCTS_DIR; };
		8F798D8E2FC5E39C004F6F82 /* NotificationsService.appex */ = {isa = PBXFileReference; explicitFileType = "wrapper.app-extension"; includeInIndex = 0; path = NotificationsService.appex; sourceTree = BUILT_PRODUCTS_DIR; };
		8FB14CC62FBF2693005F595E /* codemagic.yaml */ = {isa = PBXFileReference; lastKnownFileType = text.yaml; path = codemagic.yaml; sourceTree = "<group>"; };
/* End PBXFileReference section */

/* Begin PBXFileSystemSynchronizedBuildFileExceptionSet section */
		8F6A61802FB91821000CE08A /* Exceptions for "PenguRoutine" folder in "PenguRoutine" target */ = {
			isa = PBXFileSystemSynchronizedBuildFileExceptionSet;
			membershipExceptions = (
				Info.plist,
			);
			target = 8F6A616F2FB91802000CE08A /* PenguRoutine */;
		};
		8F798D992FC5E39C004F6F82 /* Exceptions for "NotificationsService" folder in "NotificationsService" target */ = {
			isa = PBXFileSystemSynchronizedBuildFileExceptionSet;
			membershipExceptions = (
				Info.plist,
			);
			target = 8F798D8D2FC5E39C004F6F82 /* NotificationsService */;
		};
/* End PBXFileSystemSynchronizedBuildFileExceptionSet section */

/* Begin PBXFileSystemSynchronizedRootGroup section */
		8F6A61722FB91802000CE08A /* PenguRoutine */ = {
			isa = PBXFileSystemSynchronizedRootGroup;
			exceptions = (
				8F6A61802FB91821000CE08A /* Exceptions for "PenguRoutine" folder in "PenguRoutine" target */,
			);
			path = PenguRoutine;
			sourceTree = "<group>";
		};
		8F798D8F2FC5E39C004F6F82 /* NotificationsService */ = {
			isa = PBXFileSystemSynchronizedRootGroup;
			exceptions = (
				8F798D992FC5E39C004F6F82 /* Exceptions for "NotificationsService" folder in "NotificationsService" target */,
			);
			path = NotificationsService;
			sourceTree = "<group>";
		};
/* End PBXFileSystemSynchronizedRootGroup section */

/* Begin PBXFrameworksBuildPhase section */
		8F6A616D2FB91802000CE08A /* Frameworks */ = {
			isa = PBXFrameworksBuildPhase;
			buildActionMask = 2147483647;
			files = (
				8F798D6F2FC5C43F004F6F82 /* FirebaseMessaging in Frameworks */,
				8F798D6D2FC5C43F004F6F82 /* FirebaseCore in Frameworks */,
				8F798D722FC5C9E1004F6F82 /* AppsFlyerLib in Frameworks */,
			);
			runOnlyForDeploymentPostprocessing = 0;
		};
		8F798D8B2FC5E39C004F6F82 /* Frameworks */ = {
			isa = PBXFrameworksBuildPhase;
			buildActionMask = 2147483647;
			files = (
				8F798D9D2FC5E3A9004F6F82 /* FirebaseMessaging in Frameworks */,
			);
			runOnlyForDeploymentPostprocessing = 0;
		};
/* End PBXFrameworksBuildPhase section */

/* Begin PBXGroup section */
		8F6A61672FB91802000CE08A = {
			isa = PBXGroup;
			children = (
				8FB14CC62FBF2693005F595E /* codemagic.yaml */,
				8F6A61722FB91802000CE08A /* PenguRoutine */,
				8F798D8F2FC5E39C004F6F82 /* NotificationsService */,
				8F798D9B2FC5E3A9004F6F82 /* Frameworks */,
				8F6A61712FB91802000CE08A /* Products */,
			);
			sourceTree = "<group>";
		};
		8F6A61712FB91802000CE08A /* Products */ = {
			isa = PBXGroup;
			children = (
				8F6A61702FB91802000CE08A /* PenguRoutine.app */,
				8F798D8E2FC5E39C004F6F82 /* NotificationsService.appex */,
			);
			name = Products;
			sourceTree = "<group>";
		};
		8F798D9B2FC5E3A9004F6F82 /* Frameworks */ = {
			isa = PBXGroup;
			children = (
			);
			name = Frameworks;
			sourceTree = "<group>";
		};
/* End PBXGroup section */

/* Begin PBXNativeTarget section */
		8F6A616F2FB91802000CE08A /* PenguRoutine */ = {
			isa = PBXNativeTarget;
			buildConfigurationList = 8F6A617C2FB91803000CE08A /* Build configuration list for PBXNativeTarget "PenguRoutine" */;
			buildPhases = (
				8F6A616C2FB91802000CE08A /* Sources */,
				8F6A616D2FB91802000CE08A /* Frameworks */,
				8F6A616E2FB91802000CE08A /* Resources */,
				8F798D9A2FC5E39C004F6F82 /* Embed Foundation Extensions */,
			);
			buildRules = (
			);
			dependencies = (
				8F798D942FC5E39C004F6F82 /* PBXTargetDependency */,
			);
			fileSystemSynchronizedGroups = (
				8F6A61722FB91802000CE08A /* PenguRoutine */,
			);
			name = PenguRoutine;
			packageProductDependencies = (
				8F798D6C2FC5C43F004F6F82 /* FirebaseCore */,
				8F798D6E2FC5C43F004F6F82 /* FirebaseMessaging */,
				8F798D712FC5C9E1004F6F82 /* AppsFlyerLib */,
			);
			productName = PenguRoutine;
			productReference = 8F6A61702FB91802000CE08A /* PenguRoutine.app */;
			productType = "com.apple.product-type.application";
		};
		8F798D8D2FC5E39C004F6F82 /* NotificationsService */ = {
			isa = PBXNativeTarget;
			buildConfigurationList = 8F798D962FC5E39C004F6F82 /* Build configuration list for PBXNativeTarget "NotificationsService" */;
			buildPhases = (
				8F798D8A2FC5E39C004F6F82 /* Sources */,
				8F798D8B2FC5E39C004F6F82 /* Frameworks */,
				8F798D8C2FC5E39C004F6F82 /* Resources */,
			);
			buildRules = (
			);
			dependencies = (
			);
			fileSystemSynchronizedGroups = (
				8F798D8F2FC5E39C004F6F82 /* NotificationsService */,
			);
			name = NotificationsService;
			packageProductDependencies = (
				8F798D9C2FC5E3A9004F6F82 /* FirebaseMessaging */,
			);
			productName = NotificationsService;
			productReference = 8F798D8E2FC5E39C004F6F82 /* NotificationsService.appex */;
			productType = "com.apple.product-type.app-extension";
		};
/* End PBXNativeTarget section */

/* Begin PBXProject section */
		8F6A61682FB91802000CE08A /* Project object */ = {
			isa = PBXProject;
			attributes = {
				BuildIndependentTargetsInParallel = 1;
				LastSwiftUpdateCheck = 1640;
				LastUpgradeCheck = 1640;
				TargetAttributes = {
					8F6A616F2FB91802000CE08A = {
						CreatedOnToolsVersion = 16.4;
					};
					8F798D8D2FC5E39C004F6F82 = {
						CreatedOnToolsVersion = 16.4;
					};
				};
			};
			buildConfigurationList = 8F6A616B2FB91802000CE08A /* Build configuration list for PBXProject "PenguRoutine" */;
			developmentRegion = en;
			hasScannedForEncodings = 0;
			knownRegions = (
				en,
				Base,
			);
			mainGroup = 8F6A61672FB91802000CE08A;
			minimizedProjectReferenceProxies = 1;
			packageReferences = (
				8F798D6B2FC5C43F004F6F82 /* XCRemoteSwiftPackageReference "firebase-ios-sdk" */,
				8F798D702FC5C9E1004F6F82 /* XCRemoteSwiftPackageReference "AppsFlyerFramework" */,
			);
			preferredProjectObjectVersion = 77;
			productRefGroup = 8F6A61712FB91802000CE08A /* Products */;
			projectDirPath = "";
			projectRoot = "";
			targets = (
				8F6A616F2FB91802000CE08A /* PenguRoutine */,
				8F798D8D2FC5E39C004F6F82 /* NotificationsService */,
			);
		};
/* End PBXProject section */

/* Begin PBXResourcesBuildPhase section */
		8F6A616E2FB91802000CE08A /* Resources */ = {
			isa = PBXResourcesBuildPhase;
			buildActionMask = 2147483647;
			files = (
				8FB14CC72FBF2693005F595E /* codemagic.yaml in Resources */,
			);
			runOnlyForDeploymentPostprocessing = 0;
		};
		8F798D8C2FC5E39C004F6F82 /* Resources */ = {
			isa = PBXResourcesBuildPhase;
			buildActionMask = 2147483647;
			files = (
			);
			runOnlyForDeploymentPostprocessing = 0;
		};
/* End PBXResourcesBuildPhase section */

/* Begin PBXSourcesBuildPhase section */
		8F6A616C2FB91802000CE08A /* Sources */ = {
			isa = PBXSourcesBuildPhase;
			buildActionMask = 2147483647;
			files = (
			);
			runOnlyForDeploymentPostprocessing = 0;
		};
		8F798D8A2FC5E39C004F6F82 /* Sources */ = {
			isa = PBXSourcesBuildPhase;
			buildActionMask = 2147483647;
			files = (
			);
			runOnlyForDeploymentPostprocessing = 0;
		};
/* End PBXSourcesBuildPhase section */

/* Begin PBXTargetDependency section */
		8F798D942FC5E39C004F6F82 /* PBXTargetDependency */ = {
			isa = PBXTargetDependency;
			target = 8F798D8D2FC5E39C004F6F82 /* NotificationsService */;
			targetProxy = 8F798D932FC5E39C004F6F82 /* PBXContainerItemProxy */;
		};
/* End PBXTargetDependency section */

/* Begin XCBuildConfiguration section */
		8F6A617A2FB91803000CE08A /* Debug */ = {
			isa = XCBuildConfiguration;
			buildSettings = {
				ALWAYS_SEARCH_USER_PATHS = NO;
				ASSETCATALOG_COMPILER_GENERATE_SWIFT_ASSET_SYMBOL_EXTENSIONS = YES;
				CLANG_ANALYZER_NONNULL = YES;
				CLANG_ANALYZER_NUMBER_OBJECT_CONVERSION = YES_AGGRESSIVE;
				CLANG_CXX_LANGUAGE_STANDARD = "gnu++20";
				CLANG_ENABLE_MODULES = YES;
				CLANG_ENABLE_OBJC_ARC = YES;
				CLANG_ENABLE_OBJC_WEAK = YES;
				CLANG_WARN_BLOCK_CAPTURE_AUTORELEASING = YES;
				CLANG_WARN_BOOL_CONVERSION = YES;
				CLANG_WARN_COMMA = YES;
				CLANG_WARN_CONSTANT_CONVERSION = YES;
				CLANG_WARN_DEPRECATED_OBJC_IMPLEMENTATIONS = YES;
				CLANG_WARN_DIRECT_OBJC_ISA_USAGE = YES_ERROR;
				CLANG_WARN_DOCUMENTATION_COMMENTS = YES;
				CLANG_WARN_EMPTY_BODY = YES;
				CLANG_WARN_ENUM_CONVERSION = YES;
				CLANG_WARN_INFINITE_RECURSION = YES;
				CLANG_WARN_INT_CONVERSION = YES;
				CLANG_WARN_NON_LITERAL_NULL_CONVERSION = YES;
				CLANG_WARN_OBJC_IMPLICIT_RETAIN_SELF = YES;
				CLANG_WARN_OBJC_LITERAL_CONVERSION = YES;
				CLANG_WARN_OBJC_ROOT_CLASS = YES_ERROR;
				CLANG_WARN_QUOTED_INCLUDE_IN_FRAMEWORK_HEADER = YES;
				CLANG_WARN_RANGE_LOOP_ANALYSIS = YES;
				CLANG_WARN_STRICT_PROTOTYPES = YES;
				CLANG_WARN_SUSPICIOUS_MOVE = YES;
				CLANG_WARN_UNGUARDED_AVAILABILITY = YES_AGGRESSIVE;
				CLANG_WARN_UNREACHABLE_CODE = YES;
				CLANG_WARN__DUPLICATE_METHOD_MATCH = YES;
				COPY_PHASE_STRIP = NO;
				DEBUG_INFORMATION_FORMAT = dwarf;
				ENABLE_STRICT_OBJC_MSGSEND = YES;
				ENABLE_TESTABILITY = YES;
				ENABLE_USER_SCRIPT_SANDBOXING = YES;
				GCC_C_LANGUAGE_STANDARD = gnu17;
				GCC_DYNAMIC_NO_PIC = NO;
				GCC_NO_COMMON_BLOCKS = YES;
				GCC_OPTIMIZATION_LEVEL = 0;
				GCC_PREPROCESSOR_DEFINITIONS = (
					"DEBUG=1",
					"$(inherited)",
				);
				GCC_WARN_64_TO_32_BIT_CONVERSION = YES;
				GCC_WARN_ABOUT_RETURN_TYPE = YES_ERROR;
				GCC_WARN_UNDECLARED_SELECTOR = YES;
				GCC_WARN_UNINITIALIZED_AUTOS = YES_AGGRESSIVE;
				GCC_WARN_UNUSED_FUNCTION = YES;
				GCC_WARN_UNUSED_VARIABLE = YES;
				LOCALIZATION_PREFERS_STRING_CATALOGS = YES;
				MTL_ENABLE_DEBUG_INFO = INCLUDE_SOURCE;
				MTL_FAST_MATH = YES;
				ONLY_ACTIVE_ARCH = YES;
				SWIFT_ACTIVE_COMPILATION_CONDITIONS = "DEBUG $(inherited)";
				SWIFT_OPTIMIZATION_LEVEL = "-Onone";
			};
			name = Debug;
		};
		8F6A617B2FB91803000CE08A /* Release */ = {
			isa = XCBuildConfiguration;
			buildSettings = {
				ALWAYS_SEARCH_USER_PATHS = NO;
				ASSETCATALOG_COMPILER_GENERATE_SWIFT_ASSET_SYMBOL_EXTENSIONS = YES;
				CLANG_ANALYZER_NONNULL = YES;
				CLANG_ANALYZER_NUMBER_OBJECT_CONVERSION = YES_AGGRESSIVE;
				CLANG_CXX_LANGUAGE_STANDARD = "gnu++20";
				CLANG_ENABLE_MODULES = YES;
				CLANG_ENABLE_OBJC_ARC = YES;
				CLANG_ENABLE_OBJC_WEAK = YES;
				CLANG_WARN_BLOCK_CAPTURE_AUTORELEASING = YES;
				CLANG_WARN_BOOL_CONVERSION = YES;
				CLANG_WARN_COMMA = YES;
				CLANG_WARN_CONSTANT_CONVERSION = YES;
				CLANG_WARN_DEPRECATED_OBJC_IMPLEMENTATIONS = YES;
				CLANG_WARN_DIRECT_OBJC_ISA_USAGE = YES_ERROR;
				CLANG_WARN_DOCUMENTATION_COMMENTS = YES;
				CLANG_WARN_EMPTY_BODY = YES;
				CLANG_WARN_ENUM_CONVERSION = YES;
				CLANG_WARN_INFINITE_RECURSION = YES;
				CLANG_WARN_INT_CONVERSION = YES;
				CLANG_WARN_NON_LITERAL_NULL_CONVERSION = YES;
				CLANG_WARN_OBJC_IMPLICIT_RETAIN_SELF = YES;
				CLANG_WARN_OBJC_LITERAL_CONVERSION = YES;
				CLANG_WARN_OBJC_ROOT_CLASS = YES_ERROR;
				CLANG_WARN_QUOTED_INCLUDE_IN_FRAMEWORK_HEADER = YES;
				CLANG_WARN_RANGE_LOOP_ANALYSIS = YES;
				CLANG_WARN_STRICT_PROTOTYPES = YES;
				CLANG_WARN_SUSPICIOUS_MOVE = YES;
				CLANG_WARN_UNGUARDED_AVAILABILITY = YES_AGGRESSIVE;
				CLANG_WARN_UNREACHABLE_CODE = YES;
				CLANG_WARN__DUPLICATE_METHOD_MATCH = YES;
				COPY_PHASE_STRIP = NO;
				DEBUG_INFORMATION_FORMAT = "dwarf-with-dsym";
				ENABLE_NS_ASSERTIONS = NO;
				ENABLE_STRICT_OBJC_MSGSEND = YES;
				ENABLE_USER_SCRIPT_SANDBOXING = YES;
				GCC_C_LANGUAGE_STANDARD = gnu17;
				GCC_NO_COMMON_BLOCKS = YES;
				GCC_WARN_64_TO_32_BIT_CONVERSION = YES;
				GCC_WARN_ABOUT_RETURN_TYPE = YES_ERROR;
				GCC_WARN_UNDECLARED_SELECTOR = YES;
				GCC_WARN_UNINITIALIZED_AUTOS = YES_AGGRESSIVE;
				GCC_WARN_UNUSED_FUNCTION = YES;
				GCC_WARN_UNUSED_VARIABLE = YES;
				LOCALIZATION_PREFERS_STRING_CATALOGS = YES;
				MTL_ENABLE_DEBUG_INFO = NO;
				MTL_FAST_MATH = YES;
				SWIFT_COMPILATION_MODE = wholemodule;
			};
			name = Release;
		};
		8F6A617D2FB91803000CE08A /* Debug */ = {
			isa = XCBuildConfiguration;
			buildSettings = {
				ASSETCATALOG_COMPILER_APPICON_NAME = AppIcon;
				ASSETCATALOG_COMPILER_GLOBAL_ACCENT_COLOR_NAME = AccentColor;
				CODE_SIGN_ENTITLEMENTS = PenguRoutine/PenguRoutine.entitlements;
				CODE_SIGN_STYLE = Automatic;
				CURRENT_PROJECT_VERSION = 1;
				ENABLE_PREVIEWS = YES;
				GENERATE_INFOPLIST_FILE = YES;
				INFOPLIST_FILE = PenguRoutine/Info.plist;
				INFOPLIST_KEY_CFBundleDisplayName = "Pengu Routine";
				INFOPLIST_KEY_NSCameraUsageDescription = "We need your access to use this feature in application.";
				INFOPLIST_KEY_NSUserTrackingUsageDescription = "Pengu Routine uses tracking data to improve app performance, enhance the user experience, understand how features are used, and support ongoing updates and functionality improvements. This information also helps maintain app reliability, stability, and security.";
				"INFOPLIST_KEY_UIApplicationSceneManifest_Generation[sdk=iphoneos*]" = YES;
				"INFOPLIST_KEY_UIApplicationSceneManifest_Generation[sdk=iphonesimulator*]" = YES;
				"INFOPLIST_KEY_UIApplicationSupportsIndirectInputEvents[sdk=iphoneos*]" = YES;
				"INFOPLIST_KEY_UIApplicationSupportsIndirectInputEvents[sdk=iphonesimulator*]" = YES;
				"INFOPLIST_KEY_UILaunchScreen_Generation[sdk=iphoneos*]" = YES;
				"INFOPLIST_KEY_UILaunchScreen_Generation[sdk=iphonesimulator*]" = YES;
				"INFOPLIST_KEY_UIStatusBarStyle[sdk=iphoneos*]" = UIStatusBarStyleDefault;
				"INFOPLIST_KEY_UIStatusBarStyle[sdk=iphonesimulator*]" = UIStatusBarStyleDefault;
				INFOPLIST_KEY_UISupportedInterfaceOrientations_iPad = "UIInterfaceOrientationPortrait UIInterfaceOrientationPortraitUpsideDown UIInterfaceOrientationLandscapeLeft UIInterfaceOrientationLandscapeRight";
				INFOPLIST_KEY_UISupportedInterfaceOrientations_iPhone = "UIInterfaceOrientationPortrait UIInterfaceOrientationLandscapeLeft UIInterfaceOrientationLandscapeRight";
				IPHONEOS_DEPLOYMENT_TARGET = 15.0;
				LD_RUNPATH_SEARCH_PATHS = "@executable_path/Frameworks";
				"LD_RUNPATH_SEARCH_PATHS[sdk=macosx*]" = "@executable_path/../Frameworks";
				MACOSX_DEPLOYMENT_TARGET = 15.3;
				MARKETING_VERSION = 1.0.01;
				PRODUCT_BUNDLE_IDENTIFIER = com.routingsplanning.app.PenguRoutine;
				PRODUCT_NAME = "$(TARGET_NAME)";
				REGISTER_APP_GROUPS = YES;
				SDKROOT = auto;
				SUPPORTED_PLATFORMS = "iphoneos iphonesimulator";
				SUPPORTS_MACCATALYST = NO;
				SWIFT_EMIT_LOC_STRINGS = YES;
				SWIFT_VERSION = 5.0;
				TARGETED_DEVICE_FAMILY = "1,2";
				XROS_DEPLOYMENT_TARGET = 2.5;
			};
			name = Debug;
		};
		8F6A617E2FB91803000CE08A /* Release */ = {
			isa = XCBuildConfiguration;
			buildSettings = {
				ASSETCATALOG_COMPILER_APPICON_NAME = AppIcon;
				ASSETCATALOG_COMPILER_GLOBAL_ACCENT_COLOR_NAME = AccentColor;
				CODE_SIGN_ENTITLEMENTS = PenguRoutine/PenguRoutine.entitlements;
				CODE_SIGN_STYLE = Automatic;
				CURRENT_PROJECT_VERSION = 1;
				ENABLE_PREVIEWS = YES;
				GENERATE_INFOPLIST_FILE = YES;
				INFOPLIST_FILE = PenguRoutine/Info.plist;
				INFOPLIST_KEY_CFBundleDisplayName = "Pengu Routine";
				INFOPLIST_KEY_NSCameraUsageDescription = "We need your access to use this feature in application.";
				INFOPLIST_KEY_NSUserTrackingUsageDescription = "Pengu Routine uses tracking data to improve app performance, enhance the user experience, understand how features are used, and support ongoing updates and functionality improvements. This information also helps maintain app reliability, stability, and security.";
				"INFOPLIST_KEY_UIApplicationSceneManifest_Generation[sdk=iphoneos*]" = YES;
				"INFOPLIST_KEY_UIApplicationSceneManifest_Generation[sdk=iphonesimulator*]" = YES;
				"INFOPLIST_KEY_UIApplicationSupportsIndirectInputEvents[sdk=iphoneos*]" = YES;
				"INFOPLIST_KEY_UIApplicationSupportsIndirectInputEvents[sdk=iphonesimulator*]" = YES;
				"INFOPLIST_KEY_UILaunchScreen_Generation[sdk=iphoneos*]" = YES;
				"INFOPLIST_KEY_UILaunchScreen_Generation[sdk=iphonesimulator*]" = YES;
				"INFOPLIST_KEY_UIStatusBarStyle[sdk=iphoneos*]" = UIStatusBarStyleDefault;
				"INFOPLIST_KEY_UIStatusBarStyle[sdk=iphonesimulator*]" = UIStatusBarStyleDefault;
				INFOPLIST_KEY_UISupportedInterfaceOrientations_iPad = "UIInterfaceOrientationPortrait UIInterfaceOrientationPortraitUpsideDown UIInterfaceOrientationLandscapeLeft UIInterfaceOrientationLandscapeRight";
				INFOPLIST_KEY_UISupportedInterfaceOrientations_iPhone = "UIInterfaceOrientationPortrait UIInterfaceOrientationLandscapeLeft UIInterfaceOrientationLandscapeRight";
				IPHONEOS_DEPLOYMENT_TARGET = 15.0;
				LD_RUNPATH_SEARCH_PATHS = "@executable_path/Frameworks";
				"LD_RUNPATH_SEARCH_PATHS[sdk=macosx*]" = "@executable_path/../Frameworks";
				MACOSX_DEPLOYMENT_TARGET = 15.3;
				MARKETING_VERSION = 1.0.01;
				PRODUCT_BUNDLE_IDENTIFIER = com.routingsplanning.app.PenguRoutine;
				PRODUCT_NAME = "$(TARGET_NAME)";
				REGISTER_APP_GROUPS = YES;
				SDKROOT = auto;
				SUPPORTED_PLATFORMS = "iphoneos iphonesimulator";
				SUPPORTS_MACCATALYST = NO;
				SWIFT_EMIT_LOC_STRINGS = YES;
				SWIFT_VERSION = 5.0;
				TARGETED_DEVICE_FAMILY = "1,2";
				XROS_DEPLOYMENT_TARGET = 2.5;
			};
			name = Release;
		};
		8F798D972FC5E39C004F6F82 /* Debug */ = {
			isa = XCBuildConfiguration;
			buildSettings = {
				CODE_SIGN_STYLE = Automatic;
				CURRENT_PROJECT_VERSION = 1;
				GENERATE_INFOPLIST_FILE = YES;
				INFOPLIST_FILE = NotificationsService/Info.plist;
				INFOPLIST_KEY_CFBundleDisplayName = NotificationsService;
				INFOPLIST_KEY_NSHumanReadableCopyright = "";
				IPHONEOS_DEPLOYMENT_TARGET = 15.0;
				LD_RUNPATH_SEARCH_PATHS = (
					"$(inherited)",
					"@executable_path/Frameworks",
					"@executable_path/../../Frameworks",
				);
				MARKETING_VERSION = 1.0;
				PRODUCT_BUNDLE_IDENTIFIER = com.routingsplanning.app.PenguRoutine.NotificationsService;
				PRODUCT_NAME = "$(TARGET_NAME)";
				SDKROOT = iphoneos;
				SKIP_INSTALL = YES;
				SUPPORTED_PLATFORMS = "iphoneos iphonesimulator";
				SUPPORTS_MACCATALYST = NO;
				SUPPORTS_MAC_DESIGNED_FOR_IPHONE_IPAD = NO;
				SUPPORTS_XR_DESIGNED_FOR_IPHONE_IPAD = NO;
				SWIFT_EMIT_LOC_STRINGS = YES;
				SWIFT_VERSION = 5.0;
				TARGETED_DEVICE_FAMILY = "1,2";
			};
			name = Debug;
		};
		8F798D982FC5E39C004F6F82 /* Release */ = {
			isa = XCBuildConfiguration;
			buildSettings = {
				CODE_SIGN_STYLE = Automatic;
				CURRENT_PROJECT_VERSION = 1;
				GENERATE_INFOPLIST_FILE = YES;
				INFOPLIST_FILE = NotificationsService/Info.plist;
				INFOPLIST_KEY_CFBundleDisplayName = NotificationsService;
				INFOPLIST_KEY_NSHumanReadableCopyright = "";
				IPHONEOS_DEPLOYMENT_TARGET = 15.0;
				LD_RUNPATH_SEARCH_PATHS = (
					"$(inherited)",
					"@executable_path/Frameworks",
					"@executable_path/../../Frameworks",
				);
				MARKETING_VERSION = 1.0;
				PRODUCT_BUNDLE_IDENTIFIER = com.routingsplanning.app.PenguRoutine.NotificationsService;
				PRODUCT_NAME = "$(TARGET_NAME)";
				SDKROOT = iphoneos;
				SKIP_INSTALL = YES;
				SUPPORTED_PLATFORMS = "iphoneos iphonesimulator";
				SUPPORTS_MACCATALYST = NO;
				SUPPORTS_MAC_DESIGNED_FOR_IPHONE_IPAD = NO;
				SUPPORTS_XR_DESIGNED_FOR_IPHONE_IPAD = NO;
				SWIFT_EMIT_LOC_STRINGS = YES;
				SWIFT_VERSION = 5.0;
				TARGETED_DEVICE_FAMILY = "1,2";
				VALIDATE_PRODUCT = YES;
			};
			name = Release;
		};
/* End XCBuildConfiguration section */

/* Begin XCConfigurationList section */
		8F6A616B2FB91802000CE08A /* Build configuration list for PBXProject "PenguRoutine" */ = {
			isa = XCConfigurationList;
			buildConfigurations = (
				8F6A617A2FB91803000CE08A /* Debug */,
				8F6A617B2FB91803000CE08A /* Release */,
			);
			defaultConfigurationIsVisible = 0;
			defaultConfigurationName = Release;
		};
		8F6A617C2FB91803000CE08A /* Build configuration list for PBXNativeTarget "PenguRoutine" */ = {
			isa = XCConfigurationList;
			buildConfigurations = (
				8F6A617D2FB91803000CE08A /* Debug */,
				8F6A617E2FB91803000CE08A /* Release */,
			);
			defaultConfigurationIsVisible = 0;
			defaultConfigurationName = Release;
		};
		8F798D962FC5E39C004F6F82 /* Build configuration list for PBXNativeTarget "NotificationsService" */ = {
			isa = XCConfigurationList;
			buildConfigurations = (
				8F798D972FC5E39C004F6F82 /* Debug */,
				8F798D982FC5E39C004F6F82 /* Release */,
			);
			defaultConfigurationIsVisible = 0;
			defaultConfigurationName = Release;
		};
/* End XCConfigurationList section */

/* Begin XCRemoteSwiftPackageReference section */
		8F798D6B2FC5C43F004F6F82 /* XCRemoteSwiftPackageReference "firebase-ios-sdk" */ = {
			isa = XCRemoteSwiftPackageReference;
			repositoryURL = "https://github.com/firebase/firebase-ios-sdk";
			requirement = {
				kind = upToNextMajorVersion;
				minimumVersion = 12.13.0;
			};
		};
		8F798D702FC5C9E1004F6F82 /* XCRemoteSwiftPackageReference "AppsFlyerFramework" */ = {
			isa = XCRemoteSwiftPackageReference;
			repositoryURL = "https://github.com/AppsFlyerSDK/AppsFlyerFramework";
			requirement = {
				kind = upToNextMajorVersion;
				minimumVersion = 6.18.0;
			};
		};
/* End XCRemoteSwiftPackageReference section */

/* Begin XCSwiftPackageProductDependency section */
		8F798D6C2FC5C43F004F6F82 /* FirebaseCore */ = {
			isa = XCSwiftPackageProductDependency;
			package = 8F798D6B2FC5C43F004F6F82 /* XCRemoteSwiftPackageReference "firebase-ios-sdk" */;
			productName = FirebaseCore;
		};
		8F798D6E2FC5C43F004F6F82 /* FirebaseMessaging */ = {
			isa = XCSwiftPackageProductDependency;
			package = 8F798D6B2FC5C43F004F6F82 /* XCRemoteSwiftPackageReference "firebase-ios-sdk" */;
			productName = FirebaseMessaging;
		};
		8F798D712FC5C9E1004F6F82 /* AppsFlyerLib */ = {
			isa = XCSwiftPackageProductDependency;
			package = 8F798D702FC5C9E1004F6F82 /* XCRemoteSwiftPackageReference "AppsFlyerFramework" */;
			productName = AppsFlyerLib;
		};
		8F798D9C2FC5E3A9004F6F82 /* FirebaseMessaging */ = {
			isa = XCSwiftPackageProductDependency;
			package = 8F798D6B2FC5C43F004F6F82 /* XCRemoteSwiftPackageReference "firebase-ios-sdk" */;
			productName = FirebaseMessaging;
		};
/* End XCSwiftPackageProductDependency section */
	};
	rootObject = 8F6A61682FB91802000CE08A /* Project object */;
}
